
Microsoft Visual Studio Solution File, Format Version 12.00
# Visual Studio Version 17
VisualStudioVersion = 17.14.36908.2 d17.14
MinimumVisualStudioVersion = 10.0.40219.1
Project("{888888A0-9F3D-457C-B088-3A5042F75D52}") = "DjangoWebProject1", "DjangoWebProject1\DjangoWebProject1.pyproj", "{F73E83B0-EDE2-474C-A266-6E8FC9FA411B}"
EndProject
Global
	GlobalSection(SolutionConfigurationPlatforms) = preSolution
		Debug|Any CPU = Debug|Any CPU
		Release|Any CPU = Release|Any CPU
	EndGlobalSection
	GlobalSection(ProjectConfigurationPlatforms) = postSolution
		{F73E83B0-EDE2-474C-A266-6E8FC9FA411B}.Debug|Any CPU.ActiveCfg = Debug|Any CPU
		{F73E83B0-EDE2-474C-A266-6E8FC9FA411B}.Debug|Any CPU.Build.0 = Debug|Any CPU
		{F73E83B0-EDE2-474C-A266-6E8FC9FA411B}.Release|Any CPU.ActiveCfg = Release|Any CPU
		{F73E83B0-EDE2-474C-A266-6E8FC9FA411B}.Release|Any CPU.Build.0 = Release|Any CPU
	EndGlobalSection
	GlobalSection(SolutionProperties) = preSolution
		HideSolutionNode = FALSE
	EndGlobalSection
	GlobalSection(ExtensibilityGlobals) = postSolution
		SolutionGuid = {D2EED5D0-1D1A-4A53-BE19-5E3304D05DC1}
	EndGlobalSection
EndGlobal
